{
  "nodes": {
    "cadiback": {
      "inputs": {
        "cadical": "cadical",
        "nixpkgs": [
          "nixpkgs"
        ]
      },
      "locked": {
        "lastModified": 1770938289,
        "narHash": "sha256-BAn0jdJMcyp8Wv4XWDD67BCe3JeGU3JNDdoVE13DJMs=",
        "owner": "meelgroup",
        "repo": "cadiback",
        "rev": "9b65e1b34ffda1b9c4a8150a119ca34e013d5cad",
        "type": "github"
      },
      "original": {
        "owner": "meelgroup",
        "ref": "main",
        "repo": "cadiback",
        "type": "github"
      }
    },
    "cadiback_2": {
      "inputs": {
        "cadical": "cadical_3",
        "nixpkgs": [
          "cryptominisat",
          "nixpkgs"
        ]
      },
      "locked": {
        "lastModified": 1770938289,
        "narHash": "sha256-BAn0jdJMcyp8Wv4XWDD67BCe3JeGU3JNDdoVE13DJMs=",
        "owner": "meelgroup",
        "repo": "cadiback",
        "rev": "9b65e1b34ffda1b9c4a8150a119ca34e013d5cad",
        "type": "github"
      },
      "original": {
        "owner": "meelgroup",
        "ref": "main",
        "repo": "cadiback",
        "type": "github"
      }
    },
    "cadical": {
      "inputs": {
        "nixpkgs": [
          "cadiback",
          "nixpkgs"
        ]
      },
      "locked": {
        "lastModified": 1768141665,
        "narHash": "sha256-aZIWEeHZ85rJMgUhnpGClDXSdKnS5b4OcLtjx7shTiU=",
        "owner": "meelgroup",
        "repo": "cadical",
        "rev": "16dde5487287b349d19eb9f16642a797e38ca34f",
        "type": "github"
      },
      "original": {
        "owner": "meelgroup",
        "ref": "master",
        "repo": "cadical",
        "type": "github"
      }
    },
    "cadical_2": {
      "inputs": {
        "nixpkgs": [
          "nixpkgs"
        ]
      },
      "locked": {
        "lastModified": 1768141665,
        "narHash": "sha256-aZIWEeHZ85rJMgUhnpGClDXSdKnS5b4OcLtjx7shTiU=",
        "owner": "meelgroup",
        "repo": "cadical",
        "rev": "16dde5487287b349d19eb9f16642a797e38ca34f",
        "type": "github"
      },
      "original": {
        "owner": "meelgroup",
        "ref": "master",
        "repo": "cadical",
        "type": "github"
      }
    },
    "cadical_3": {
      "inputs": {
        "nixpkgs": [
          "cryptominisat",
          "cadiback",
          "nixpkgs"
        ]
      },
      "locked": {
        "lastModified": 1768141665,
        "narHash": "sha256-aZIWEeHZ85rJMgUhnpGClDXSdKnS5b4OcLtjx7shTiU=",
        "owner": "meelgroup",
        "repo": "cadical",
        "rev": "16dde5487287b349d19eb9f16642a797e38ca34f",
        "type": "github"
      },
      "original": {
        "owner": "meelgroup",
        "ref": "master",
        "repo": "cadical",
        "type": "github"
      }
    },
    "cadical_4": {
      "inputs": {
        "nixpkgs": [
          "cryptominisat",
          "nixpkgs"
        ]
      },
      "locked": {
        "lastModified": 1768141665,
        "narHash": "sha256-aZIWEeHZ85rJMgUhnpGClDXSdKnS5b4OcLtjx7shTiU=",
        "owner": "meelgroup",
        "repo": "cadical",
        "rev": "16dde5487287b349d19eb9f16642a797e38ca34f",
        "type": "github"
      },
      "original": {
        "owner": "meelgroup",
        "ref": "master",
        "repo": "cadical",
        "type": "github"
      }
    },
    "cryptominisat": {
      "inputs": {
        "cadiback": "cadiback_2",
        "cadical": "cadical_4",
        "nixpkgs": [
          "nixpkgs"
        ]
      },
      "locked": {
        "lastModified": 1770938346,
        "narHash": "sha256-WXuaqGEnDXkp9nR9W73+z98jRHCyv8DuH4Kxw2zXk+E=",
        "owner": "msoos",
        "repo": "cryptominisat",
        "rev": "ec56ff285f58da594dce517e89d422fa97481aa6",
        "type": "github"
      },
      "original": {
        "owner": "msoos",
        "ref": "working-on-synth",
        "repo": "cryptominisat",
        "type": "github"
      }
    },
    "evalmaxsat": {
      "inputs": {
        "nixpkgs": [
          "nixpkgs"
        ]
      },
      "locked": {
        "lastModified": 1767562667,
        "narHash": "sha256-Am0HYg82BHihLwFq5IstgFASf7UUtKcT1ZvCjWgP4dU=",
        "owner": "meelgroup",
        "repo": "EvalMaxSAT",
        "rev": "cc711fef8485a210848165c251817d1588d2977c",
        "type": "github"
      },
      "original": {
        "owner": "meelgroup",
        "ref": "master",
        "repo": "EvalMaxSAT",
        "type": "github"
      }
    },
    "nixpkgs": {
      "locked": {
        "lastModified": 1764230294,
        "narHash": "sha256-Z63xl5Scj3Y/zRBPAWq1eT68n2wBWGCIEF4waZ0bQBE=",
        "owner": "nixos",
        "repo": "nixpkgs",
        "rev": "0d59e0290eefe0f12512043842d7096c4070f30e",
        "type": "github"
      },
      "original": {
        "owner": "nixos",
        "ref": "nixpkgs-unstable",
        "repo": "nixpkgs",
        "type": "github"
      }
    },
    "root": {
      "inputs": {
        "cadiback": "cadiback",
        "cadical": "cadical_2",
        "cryptominisat": "cryptominisat",
        "evalmaxsat": "evalmaxsat",
        "nixpkgs": "nixpkgs",
        "sbva": "sbva"
      }
    },
    "sbva": {
      "inputs": {
        "nixpkgs": [
          "nixpkgs"
        ]
      },
      "locked": {
        "lastModified": 1764364119,
        "narHash": "sha256-5Wyqvo8qHCg0DqiHut/SzLGEnE0WuwbjLL9eo5ZBjd8=",
        "owner": "meelgroup",
        "repo": "sbva",
        "rev": "65993dbc0a802c0f1f7c83fac514339227f27b71",
        "type": "github"
      },
      "original": {
        "owner": "meelgroup",
        "ref": "master",
        "repo": "sbva",
        "type": "github"
      }
    }
  },
  "root": "root",
  "version": 7
}
