{
  "nodes": {
    "cadiback": {
      "inputs": {
        "cadical": "cadical",
        "nixpkgs": [
          "nixpkgs"
        ]
      },
      "locked": {
        "lastModified": 1775161576,
        "narHash": "sha256-hrmF6cKIoQaQnaYtBG4DYi+JsDOY9Fn/Om+9JU+Nmio=",
        "owner": "meelgroup",
        "repo": "cadiback",
        "rev": "ab34a11125e5f8d5e043144be99867b07225c9f9",
        "type": "github"
      },
      "original": {
        "owner": "meelgroup",
        "ref": "main",
        "repo": "cadiback",
        "type": "github"
      }
    },
    "cadiback_2": {
      "inputs": {
        "cadical": "cadical_3",
        "nixpkgs": [
          "cryptominisat",
          "nixpkgs"
        ]
      },
      "locked": {
        "lastModified": 1775080446,
        "narHash": "sha256-2c1KHx0CGjuxHVg8u9c4hdF6TC+RjY1LDs/HYRiOF/o=",
        "owner": "meelgroup",
        "repo": "cadiback",
        "rev": "798d069b99e030ddb4e612fb6ef7ccaaa2d3a5e5",
        "type": "github"
      },
      "original": {
        "owner": "meelgroup",
        "ref": "main",
        "repo": "cadiback",
        "type": "github"
      }
    },
    "cadical": {
      "inputs": {
        "nixpkgs": [
          "cadiback",
          "nixpkgs"
        ]
      },
      "locked": {
        "lastModified": 1774711910,
        "narHash": "sha256-+lp31YSbeq5DwwkhgiBvz7s2tM0l+zcMppHJ2cUDalI=",
        "owner": "meelgroup",
        "repo": "cadical",
        "rev": "25c12aac83fd2f8627ca5c9a82cd864feea8783f",
        "type": "github"
      },
      "original": {
        "owner": "meelgroup",
        "ref": "master",
        "repo": "cadical",
        "type": "github"
      }
    },
    "cadical_2": {
      "inputs": {
        "nixpkgs": [
          "nixpkgs"
        ]
      },
      "locked": {
        "lastModified": 1775160907,
        "narHash": "sha256-Bzj3/NncuUuN2pEvJVOWCrbCLdUhhzTMuUo8eUKprRo=",
        "owner": "meelgroup",
        "repo": "cadical",
        "rev": "aed878abbbd8b98e128d42c4da0d72a2a567a5bc",
        "type": "github"
      },
      "original": {
        "owner": "meelgroup",
        "ref": "master",
        "repo": "cadical",
        "type": "github"
      }
    },
    "cadical_3": {
      "inputs": {
        "nixpkgs": [
          "cryptominisat",
          "cadiback",
          "nixpkgs"
        ]
      },
      "locked": {
        "lastModified": 1774711910,
        "narHash": "sha256-+lp31YSbeq5DwwkhgiBvz7s2tM0l+zcMppHJ2cUDalI=",
        "owner": "meelgroup",
        "repo": "cadical",
        "rev": "25c12aac83fd2f8627ca5c9a82cd864feea8783f",
        "type": "github"
      },
      "original": {
        "owner": "meelgroup",
        "ref": "master",
        "repo": "cadical",
        "type": "github"
      }
    },
    "cadical_4": {
      "inputs": {
        "nixpkgs": [
          "cryptominisat",
          "nixpkgs"
        ]
      },
      "locked": {
        "lastModified": 1774711910,
        "narHash": "sha256-+lp31YSbeq5DwwkhgiBvz7s2tM0l+zcMppHJ2cUDalI=",
        "owner": "meelgroup",
        "repo": "cadical",
        "rev": "25c12aac83fd2f8627ca5c9a82cd864feea8783f",
        "type": "github"
      },
      "original": {
        "owner": "meelgroup",
        "ref": "master",
        "repo": "cadical",
        "type": "github"
      }
    },
    "cryptominisat": {
      "inputs": {
        "cadiback": "cadiback_2",
        "cadical": "cadical_4",
        "nixpkgs": [
          "nixpkgs"
        ]
      },
      "locked": {
        "lastModified": 1775164645,
        "narHash": "sha256-w6HkmMiySfmKJOwp+xajh3sLuJyzVY0LrfNpFv0O7nM=",
        "owner": "msoos",
        "repo": "cryptominisat",
        "rev": "bb23c8c38428ce8cddc9a6e77053e416fb95ee9c",
        "type": "github"
      },
      "original": {
        "owner": "msoos",
        "ref": "master",
        "repo": "cryptominisat",
        "type": "github"
      }
    },
    "evalmaxsat": {
      "inputs": {
        "nixpkgs": [
          "nixpkgs"
        ]
      },
      "locked": {
        "lastModified": 1772998809,
        "narHash": "sha256-w2y08390zGbOP5ishsBApIhlwhZ7gTQfkvcqhccHMAw=",
        "owner": "meelgroup",
        "repo": "EvalMaxSAT",
        "rev": "90f76d440552f45a7293111c22ff72572c7b1bb8",
        "type": "github"
      },
      "original": {
        "owner": "meelgroup",
        "ref": "master",
        "repo": "EvalMaxSAT",
        "type": "github"
      }
    },
    "nixpkgs": {
      "locked": {
        "lastModified": 1772771118,
        "narHash": "sha256-xWzaTvmmACR/SRWtABgI/Z97lcqwJAeoSd5QW1KdK1s=",
        "owner": "nixos",
        "repo": "nixpkgs",
        "rev": "e38213b91d3786389a446dfce4ff5a8aaf6012f2",
        "type": "github"
      },
      "original": {
        "owner": "nixos",
        "ref": "nixpkgs-unstable",
        "repo": "nixpkgs",
        "type": "github"
      }
    },
    "root": {
      "inputs": {
        "cadiback": "cadiback",
        "cadical": "cadical_2",
        "cryptominisat": "cryptominisat",
        "evalmaxsat": "evalmaxsat",
        "nixpkgs": "nixpkgs",
        "sbva": "sbva",
        "treedecomp": "treedecomp"
      }
    },
    "sbva": {
      "inputs": {
        "nixpkgs": [
          "nixpkgs"
        ]
      },
      "locked": {
        "lastModified": 1775073299,
        "narHash": "sha256-y9mIzk/xVrA3HW9oo247qFHnxVuwDjtKKBsSngkv9YU=",
        "owner": "meelgroup",
        "repo": "sbva",
        "rev": "adec1b5cd1351d631f2e3c90216486eb17606b31",
        "type": "github"
      },
      "original": {
        "owner": "meelgroup",
        "ref": "master",
        "repo": "sbva",
        "type": "github"
      }
    },
    "treedecomp": {
      "inputs": {
        "nixpkgs": [
          "nixpkgs"
        ]
      },
      "locked": {
        "lastModified": 1775076314,
        "narHash": "sha256-JsB3Bze9jNPMQoSw87NgNmfBkkl9+5wFk7AQTXmbx24=",
        "owner": "meelgroup",
        "repo": "treedecomp",
        "rev": "0f7147d0ba1f2511f9d66c4013bf0508ff39ca1d",
        "type": "github"
      },
      "original": {
        "owner": "meelgroup",
        "ref": "main",
        "repo": "treedecomp",
        "type": "github"
      }
    }
  },
  "root": "root",
  "version": 7
}
